
Microsoft Visual Studio Solution File, Format Version 12.00
# Visual Studio Version 17
VisualStudioVersion = 17.10.35013.160
MinimumVisualStudioVersion = 10.0.40219.1
Project("{FAE04EC0-301F-11D3-BF4B-00C04F79EFBC}") = "EricBeck", "EricBeck.csproj", "{765080ED-F9E4-4EB2-8907-3A88EE53B6D0}"
EndProject
Global
	GlobalSection(SolutionConfigurationPlatforms) = preSolution
		Debug|Any CPU = Debug|Any CPU
		Release|Any CPU = Release|Any CPU
	EndGlobalSection
	GlobalSection(ProjectConfigurationPlatforms) = postSolution
		{765080ED-F9E4-4EB2-8907-3A88EE53B6D0}.Debug|Any CPU.ActiveCfg = Debug|Any CPU
		{765080ED-F9E4-4EB2-8907-3A88EE53B6D0}.Debug|Any CPU.Build.0 = Debug|Any CPU
		{765080ED-F9E4-4EB2-8907-3A88EE53B6D0}.Release|Any CPU.ActiveCfg = Release|Any CPU
		{765080ED-F9E4-4EB2-8907-3A88EE53B6D0}.Release|Any CPU.Build.0 = Release|Any CPU
	EndGlobalSection
	GlobalSection(SolutionProperties) = preSolution
		HideSolutionNode = FALSE
	EndGlobalSection
	GlobalSection(ExtensibilityGlobals) = postSolution
		SolutionGuid = {D7E27880-7ABA-40B7-9BB7-55E493625BA4}
	EndGlobalSection
EndGlobal
